{
  "name": "homebridge-samsung-tizen",
  "version": "2.0.1",
  "lockfileVersion": 1,
  "requires": true,
  "dependencies": {
    "async-limiter": {
      "version": "1.0.0",
      "resolved": "https://registry.npmjs.org/async-limiter/-/async-limiter-1.0.0.tgz",
      "integrity": "sha512-jp/uFnooOiO+L211eZOoSyzpOITMXx1rBITauYykG3BRYPu8h0UcxsPNB04RR5vo4Tyz3+ay17tR6JVf9qzYWg=="
    },
    "wake_on_lan": {
      "version": "0.0.4",
      "resolved": "https://registry.npmjs.org/wake_on_lan/-/wake_on_lan-0.0.4.tgz",
      "integrity": "sha1-TKUfEwQJWYqk44QmzD6gdtcFhkM="
    },
    "ws": {
      "version": "5.1.0",
      "resolved": "https://registry.npmjs.org/ws/-/ws-5.1.0.tgz",
      "integrity": "sha512-7KU/qkUXtJW9aa5WRKlo0puE1ejEoAgDb0D/Pt+lWpTkKF7Kp+MqFOtwNFwnuiYeeDpFjp0qyMniE84OjKIEqQ==",
      "requires": {
        "async-limiter": "1.0.0"
      }
    }
  }
}
